
Microsoft Visual Studio Solution File, Format Version 12.00
# Visual Studio 15
VisualStudioVersion = 15.0.26124.0
MinimumVisualStudioVersion = 15.0.26124.0
Project("{2150E333-8FDC-42A3-9474-1A3956D46DE8}") = "src", "src", "{6D586710-0659-4393-8101-F6BF6227CBE8}"
EndProject
Project("{FAE04EC0-301F-11D3-BF4B-00C04F79EFBC}") = "StudyFormManager", "src\StudyFormManager\StudyFormManager.csproj", "{8CC3AD14-1546-4A33-8E9F-22F0FB15CCAE}"
EndProject
Project("{2150E333-8FDC-42A3-9474-1A3956D46DE8}") = "test", "test", "{77C1505C-2327-4761-85A9-4136C76A6C7E}"
EndProject
Project("{FAE04EC0-301F-11D3-BF4B-00C04F79EFBC}") = "StudyFormManager.Test", "test\StudyFormManager.Test\StudyFormManager.Test.csproj", "{200D2B09-B2B3-41C1-B8D7-7D49D7D75524}"
EndProject
Global
	GlobalSection(SolutionConfigurationPlatforms) = preSolution
		Debug|Any CPU = Debug|Any CPU
		Debug|x64 = Debug|x64
		Debug|x86 = Debug|x86
		Release|Any CPU = Release|Any CPU
		Release|x64 = Release|x64
		Release|x86 = Release|x86
	EndGlobalSection
	GlobalSection(SolutionProperties) = preSolution
		HideSolutionNode = FALSE
	EndGlobalSection
	GlobalSection(ProjectConfigurationPlatforms) = postSolution
		{8CC3AD14-1546-4A33-8E9F-22F0FB15CCAE}.Debug|Any CPU.ActiveCfg = Debug|Any CPU
		{8CC3AD14-1546-4A33-8E9F-22F0FB15CCAE}.Debug|Any CPU.Build.0 = Debug|Any CPU
		{8CC3AD14-1546-4A33-8E9F-22F0FB15CCAE}.Debug|x64.ActiveCfg = Debug|Any CPU
		{8CC3AD14-1546-4A33-8E9F-22F0FB15CCAE}.Debug|x64.Build.0 = Debug|Any CPU
		{8CC3AD14-1546-4A33-8E9F-22F0FB15CCAE}.Debug|x86.ActiveCfg = Debug|Any CPU
		{8CC3AD14-1546-4A33-8E9F-22F0FB15CCAE}.Debug|x86.Build.0 = Debug|Any CPU
		{8CC3AD14-1546-4A33-8E9F-22F0FB15CCAE}.Release|Any CPU.ActiveCfg = Release|Any CPU
		{8CC3AD14-1546-4A33-8E9F-22F0FB15CCAE}.Release|Any CPU.Build.0 = Release|Any CPU
		{8CC3AD14-1546-4A33-8E9F-22F0FB15CCAE}.Release|x64.ActiveCfg = Release|Any CPU
		{8CC3AD14-1546-4A33-8E9F-22F0FB15CCAE}.Release|x64.Build.0 = Release|Any CPU
		{8CC3AD14-1546-4A33-8E9F-22F0FB15CCAE}.Release|x86.ActiveCfg = Release|Any CPU
		{8CC3AD14-1546-4A33-8E9F-22F0FB15CCAE}.Release|x86.Build.0 = Release|Any CPU
		{200D2B09-B2B3-41C1-B8D7-7D49D7D75524}.Debug|Any CPU.ActiveCfg = Debug|Any CPU
		{200D2B09-B2B3-41C1-B8D7-7D49D7D75524}.Debug|Any CPU.Build.0 = Debug|Any CPU
		{200D2B09-B2B3-41C1-B8D7-7D49D7D75524}.Debug|x64.ActiveCfg = Debug|Any CPU
		{200D2B09-B2B3-41C1-B8D7-7D49D7D75524}.Debug|x64.Build.0 = Debug|Any CPU
		{200D2B09-B2B3-41C1-B8D7-7D49D7D75524}.Debug|x86.ActiveCfg = Debug|Any CPU
		{200D2B09-B2B3-41C1-B8D7-7D49D7D75524}.Debug|x86.Build.0 = Debug|Any CPU
		{200D2B09-B2B3-41C1-B8D7-7D49D7D75524}.Release|Any CPU.ActiveCfg = Release|Any CPU
		{200D2B09-B2B3-41C1-B8D7-7D49D7D75524}.Release|Any CPU.Build.0 = Release|Any CPU
		{200D2B09-B2B3-41C1-B8D7-7D49D7D75524}.Release|x64.ActiveCfg = Release|Any CPU
		{200D2B09-B2B3-41C1-B8D7-7D49D7D75524}.Release|x64.Build.0 = Release|Any CPU
		{200D2B09-B2B3-41C1-B8D7-7D49D7D75524}.Release|x86.ActiveCfg = Release|Any CPU
		{200D2B09-B2B3-41C1-B8D7-7D49D7D75524}.Release|x86.Build.0 = Release|Any CPU
	EndGlobalSection
	GlobalSection(NestedProjects) = preSolution
		{8CC3AD14-1546-4A33-8E9F-22F0FB15CCAE} = {6D586710-0659-4393-8101-F6BF6227CBE8}
		{200D2B09-B2B3-41C1-B8D7-7D49D7D75524} = {77C1505C-2327-4761-85A9-4136C76A6C7E}
	EndGlobalSection
EndGlobal
